{
  "name": "@cocreate/authorize",
  "version": "1.14.3",
  "lockfileVersion": 3,
  "requires": true,
  "packages": {
    "": {
      "name": "@cocreate/authorize",
      "version": "1.14.3",
      "hasInstallScript": true,
      "license": "AGPL-3.0",
      "dependencies": {
        "@cocreate/crud-client": "^1.33.11",
        "@cocreate/utils": "^1.34.1"
      },
      "funding": {
        "type": "GitHub Sponsors ❤",
        "url": "https://github.com/sponsors/CoCreate-app"
      }
    },
    "node_modules/@cocreate/actions": {
      "version": "1.18.5",
      "resolved": "https://registry.npmjs.org/@cocreate/actions/-/actions-1.18.5.tgz",
      "integrity": "sha512-kI0wNGnYj+POFzMVJsOQmm8zI9owPr0gr4rWQByCJm4bwQSaFqCvUfXW43LXjcVso9xX2N1Wbt/KvNrg+lvAfA==",
      "hasInstallScript": true,
      "dependencies": {
        "@cocreate/utils": "^1.34.1"
      },
      "funding": {
        "type": "GitHub Sponsors ❤",
        "url": "https://github.com/sponsors/CoCreate-app"
      }
    },
    "node_modules/@cocreate/api": {
      "version": "1.21.2",
      "resolved": "https://registry.npmjs.org/@cocreate/api/-/api-1.21.2.tgz",
      "integrity": "sha512-PlHSC/i3/eCGzri9PImJ5anQtNynC57uzw2cexOuMDiVtJWeKpdU4sMMNfpbvhLqqqXirXo+InPKhnuD+++GXA==",
      "hasInstallScript": true,
      "dependencies": {
        "@cocreate/actions": "^1.18.2",
        "@cocreate/crud-client": "^1.33.9",
        "@cocreate/element-prototype": "^1.23.0",
        "@cocreate/render": "^1.41.0",
        "@cocreate/socket-client": "^1.5.7",
        "@cocreate/utils": "^1.33.7"
      },
      "funding": {
        "type": "GitHub Sponsors ❤",
        "url": "https://github.com/sponsors/CoCreate-app"
      }
    },
    "node_modules/@cocreate/config": {
      "version": "1.12.6",
      "resolved": "https://registry.npmjs.org/@cocreate/config/-/config-1.12.6.tgz",
      "integrity": "sha512-SSFfk5+x3nS1oPrskneeracDbA2dCIJoBaSlvHDF9PMfRZPg1jgv4G4UsypPhJnrkyz3emVHP9Wn831UCBemOQ==",
      "hasInstallScript": true,
      "dependencies": {
        "@cocreate/utils": "^1.34.1"
      },
      "funding": {
        "type": "GitHub Sponsors ❤",
        "url": "https://github.com/sponsors/CoCreate-app"
      }
    },
    "node_modules/@cocreate/crud-client": {
      "version": "1.33.12",
      "resolved": "https://registry.npmjs.org/@cocreate/crud-client/-/crud-client-1.33.12.tgz",
      "integrity": "sha512-1ugA+slDtGLSgacW8k0YTo37vrHWcWnEQekm6lFpA0fEKL9OU9U/bK+dDnaz43TXO9OdNTwj9oXbvC4fDbNnAA==",
      "hasInstallScript": true,
      "dependencies": {
        "@cocreate/indexeddb": "^1.22.4",
        "@cocreate/socket-client": "^1.39.4",
        "@cocreate/uuid": "^1.11.4"
      },
      "funding": {
        "type": "GitHub Sponsors ❤",
        "url": "https://github.com/sponsors/CoCreate-app"
      }
    },
    "node_modules/@cocreate/element-prototype": {
      "version": "1.24.1",
      "resolved": "https://registry.npmjs.org/@cocreate/element-prototype/-/element-prototype-1.24.1.tgz",
      "integrity": "sha512-W+Of/fycV205S7+pHTVzn+D4eCazfFfOg2/AozDI6F/Ke6hafdB+cnYvPsEWtozButnCjnImhTaCE1SQQQGivA==",
      "hasInstallScript": true,
      "funding": {
        "type": "GitHub Sponsors ❤",
        "url": "https://github.com/sponsors/CoCreate-app"
      }
    },
    "node_modules/@cocreate/elements": {
      "version": "1.35.8",
      "resolved": "https://registry.npmjs.org/@cocreate/elements/-/elements-1.35.8.tgz",
      "integrity": "sha512-KJldjfuQz8iZajqWVYm5EEj5o1TkLDsA5hGg+s0wmilqvgVqN0b9imD0Y351eJrBkhq7yh9mHkSqHUNUy6PvbQ==",
      "hasInstallScript": true,
      "dependencies": {
        "@cocreate/actions": "^1.18.4",
        "@cocreate/crud-client": "^1.33.11",
        "@cocreate/element-prototype": "^1.23.0",
        "@cocreate/filter": "^1.15.1",
        "@cocreate/observer": "^1.16.3",
        "@cocreate/render": "^1.41.3",
        "@cocreate/utils": "^1.34.1"
      },
      "funding": {
        "type": "GitHub Sponsors ❤",
        "url": "https://github.com/sponsors/CoCreate-app"
      }
    },
    "node_modules/@cocreate/filter": {
      "version": "1.30.1",
      "resolved": "https://registry.npmjs.org/@cocreate/filter/-/filter-1.30.1.tgz",
      "integrity": "sha512-h09hO7rHgSDAq78BmmjyMMOccrlmbpuhkJr0YvX4w0esminaFzMv7xW0a7jECUuyeDoazs6YARTUr/2bUCsltA==",
      "hasInstallScript": true,
      "dependencies": {
        "@cocreate/actions": "^1.18.2",
        "@cocreate/crud-client": "^1.33.9",
        "@cocreate/element-prototype": "^1.23.0",
        "@cocreate/observer": "^1.16.1",
        "@cocreate/utils": "^1.33.7"
      },
      "funding": {
        "type": "GitHub Sponsors ❤",
        "url": "https://github.com/sponsors/CoCreate-app"
      }
    },
    "node_modules/@cocreate/indexeddb": {
      "version": "1.22.5",
      "resolved": "https://registry.npmjs.org/@cocreate/indexeddb/-/indexeddb-1.22.5.tgz",
      "integrity": "sha512-CvKHZ4p/EEf9+n2+QszevDdpHcNvUTqXqRgDNsKDiomcosMI/rP7MaJrdkYQPNfvdRaXKFPZzOOqRuN0Ou9ZCQ==",
      "hasInstallScript": true,
      "dependencies": {
        "@cocreate/utils": "^1.33.7"
      },
      "funding": {
        "type": "GitHub Sponsors ❤",
        "url": "https://github.com/sponsors/CoCreate-app"
      }
    },
    "node_modules/@cocreate/local-storage": {
      "version": "1.15.1",
      "resolved": "https://registry.npmjs.org/@cocreate/local-storage/-/local-storage-1.15.1.tgz",
      "integrity": "sha512-L5X4R+KILRLAJxvwFGsUmyJa/5YN9htcat4giGCU5n5zyP34fxdYCTxKyk+j6muMErLIlzw4/cp3QREeG6hjuw==",
      "hasInstallScript": true,
      "dependencies": {
        "@cocreate/actions": "^1.18.2",
        "@cocreate/observer": "^1.16.1"
      },
      "funding": {
        "type": "GitHub Sponsors ❤",
        "url": "https://github.com/sponsors/CoCreate-app"
      }
    },
    "node_modules/@cocreate/observer": {
      "version": "1.16.4",
      "resolved": "https://registry.npmjs.org/@cocreate/observer/-/observer-1.16.4.tgz",
      "integrity": "sha512-s3xTfE2/IfHFSV4g8qMN2Vjge58ESbDUUkE2x40OPcJL+f4HfhthkmvQuPaEHBktil38Rx77DfuYg9SybylbtQ==",
      "hasInstallScript": true,
      "dependencies": {
        "@cocreate/utils": "^1.34.1",
        "css-selector-parser": "^1.4.1"
      },
      "funding": {
        "type": "GitHub Sponsors ❤",
        "url": "https://github.com/sponsors/CoCreate-app"
      }
    },
    "node_modules/@cocreate/organizations": {
      "version": "1.27.5",
      "resolved": "https://registry.npmjs.org/@cocreate/organizations/-/organizations-1.27.5.tgz",
      "integrity": "sha512-3mzvsHhC12ciJlXZUg+I66wm/YndG1LXhKtgMo1VI6EzJFo6C5TrldWMAEKuo+GsXUHrARuOIvIGr9+kE5HtZw==",
      "hasInstallScript": true,
      "dependencies": {
        "@cocreate/actions": "^1.18.4",
        "@cocreate/config": "^1.12.5",
        "@cocreate/crud-client": "^1.33.11",
        "@cocreate/elements": "^1.35.7"
      },
      "funding": {
        "type": "GitHub Sponsors ❤",
        "url": "https://github.com/sponsors/CoCreate-app"
      }
    },
    "node_modules/@cocreate/render": {
      "version": "1.41.4",
      "resolved": "https://registry.npmjs.org/@cocreate/render/-/render-1.41.4.tgz",
      "integrity": "sha512-8hBWNMYEON6Ww9tSv/Kj/egaksh5e7hK2+O2/wx+PkIin/FGDED/PeTheqqR0rV8uW2MS3RXP/wHVNEW6cUC0w==",
      "hasInstallScript": true,
      "dependencies": {
        "@cocreate/actions": "^1.18.4",
        "@cocreate/api": "^1.4.2",
        "@cocreate/element-prototype": "^1.23.0",
        "@cocreate/observer": "^1.16.3",
        "@cocreate/utils": "^1.34.1"
      },
      "funding": {
        "type": "GitHub Sponsors ❤",
        "url": "https://github.com/sponsors/CoCreate-app"
      }
    },
    "node_modules/@cocreate/socket-client": {
      "version": "1.39.5",
      "resolved": "https://registry.npmjs.org/@cocreate/socket-client/-/socket-client-1.39.5.tgz",
      "integrity": "sha512-Wcfl+4eb+Lo3mYtsbkHM+a3MEGLtjtEojQOcE0iyA1p7gYIovtw8vh4d027oN7goxuUeXItLZ3XkD+X3oZt9Mw==",
      "hasInstallScript": true,
      "dependencies": {
        "@cocreate/config": "^1.12.5",
        "@cocreate/indexeddb": "^1.22.4",
        "@cocreate/local-storage": "^1.15.0",
        "@cocreate/organizations": "^1.27.4",
        "@cocreate/uuid": "^1.11.4",
        "ws": "^7.5.10"
      },
      "funding": {
        "type": "GitHub Sponsors ❤",
        "url": "https://github.com/sponsors/CoCreate-app"
      }
    },
    "node_modules/@cocreate/utils": {
      "version": "1.34.2",
      "resolved": "https://registry.npmjs.org/@cocreate/utils/-/utils-1.34.2.tgz",
      "integrity": "sha512-3oV0MLkR5KpTaRxtWAu0AnyiOVjt1biSWC1nJJGZ/vQbQYW6clt4KZ8fQYn9zO+Ak3HiwlgcovwUOXMU+5IgRg==",
      "hasInstallScript": true,
      "funding": {
        "type": "GitHub Sponsors ❤",
        "url": "https://github.com/sponsors/CoCreate-app"
      }
    },
    "node_modules/@cocreate/uuid": {
      "version": "1.11.5",
      "resolved": "https://registry.npmjs.org/@cocreate/uuid/-/uuid-1.11.5.tgz",
      "integrity": "sha512-xk9rcnr6TKw8Yd4h6+zZcTobeJydCPU6xiMh+vP8418S7uQ3pSsFrI7XJ7l/DA76Phi5TfC42brNBSq8Mb4UPw==",
      "hasInstallScript": true,
      "funding": {
        "type": "GitHub Sponsors ❤",
        "url": "https://github.com/sponsors/CoCreate-app"
      }
    },
    "node_modules/css-selector-parser": {
      "version": "1.4.1",
      "resolved": "https://registry.npmjs.org/css-selector-parser/-/css-selector-parser-1.4.1.tgz",
      "integrity": "sha512-HYPSb7y/Z7BNDCOrakL4raGO2zltZkbeXyAd6Tg9obzix6QhzxCotdBl6VT0Dv4vZfJGVz3WL/xaEI9Ly3ul0g=="
    },
    "node_modules/ws": {
      "version": "7.5.10",
      "resolved": "https://registry.npmjs.org/ws/-/ws-7.5.10.tgz",
      "integrity": "sha512-+dbF1tHwZpXcbOJdVOkzLDxZP1ailvSxM6ZweXTegylPny803bFhA+vqBYw4s31NSAk4S2Qz+AKXK9a4wkdjcQ==",
      "engines": {
        "node": ">=8.3.0"
      },
      "peerDependencies": {
        "bufferutil": "^4.0.1",
        "utf-8-validate": "^5.0.2"
      },
      "peerDependenciesMeta": {
        "bufferutil": {
          "optional": true
        },
        "utf-8-validate": {
          "optional": true
        }
      }
    }
  }
}
